
Microsoft Visual Studio Solution File, Format Version 12.00
# Visual Studio Version 16
VisualStudioVersion = 16.0.30128.74
MinimumVisualStudioVersion = 10.0.40219.1
Project("{FAE04EC0-301F-11D3-BF4B-00C04F79EFBC}") = "Jens Hansen had a  farm", "Jens Hansens had a  farm\Jens Hansen had a  farm.csproj", "{6DD61BC2-79A4-4487-987F-237B91FE4A08}"
EndProject
Global
	GlobalSection(SolutionConfigurationPlatforms) = preSolution
		Debug|Any CPU = Debug|Any CPU
		Release|Any CPU = Release|Any CPU
	EndGlobalSection
	GlobalSection(ProjectConfigurationPlatforms) = postSolution
		{6DD61BC2-79A4-4487-987F-237B91FE4A08}.Debug|Any CPU.ActiveCfg = Debug|Any CPU
		{6DD61BC2-79A4-4487-987F-237B91FE4A08}.Debug|Any CPU.Build.0 = Debug|Any CPU
		{6DD61BC2-79A4-4487-987F-237B91FE4A08}.Release|Any CPU.ActiveCfg = Release|Any CPU
		{6DD61BC2-79A4-4487-987F-237B91FE4A08}.Release|Any CPU.Build.0 = Release|Any CPU
	EndGlobalSection
	GlobalSection(SolutionProperties) = preSolution
		HideSolutionNode = FALSE
	EndGlobalSection
	GlobalSection(ExtensibilityGlobals) = postSolution
		SolutionGuid = {06EB4AC0-50DD-43F7-B70B-9BC6318DC2A2}
	EndGlobalSection
EndGlobal
